
Microsoft Visual Studio Solution File, Format Version 12.00
# Visual Studio Version 17
VisualStudioVersion = 17.11.35327.3
MinimumVisualStudioVersion = 10.0.40219.1
Project("{9A19103F-16F7-4668-BE54-9A1E7A4F7556}") = "AsanaFlowDataAccessLayer", "AsanaFlowDAL\AsanaFlowDataAccessLayer.csproj", "{AE9ACFB9-8209-49A3-9B3F-175FFE4BF636}"
EndProject
Project("{9A19103F-16F7-4668-BE54-9A1E7A4F7556}") = "AsanFlowWebServices", "AsanFlowEbServices\AsanFlowWebServices.csproj", "{88048B4D-A5C9-41AB-8FDC-9372573C549B}"
EndProject
Global
	GlobalSection(SolutionConfigurationPlatforms) = preSolution
		Debug|Any CPU = Debug|Any CPU
		Release|Any CPU = Release|Any CPU
	EndGlobalSection
	GlobalSection(ProjectConfigurationPlatforms) = postSolution
		{AE9ACFB9-8209-49A3-9B3F-175FFE4BF636}.Debug|Any CPU.ActiveCfg = Debug|Any CPU
		{AE9ACFB9-8209-49A3-9B3F-175FFE4BF636}.Debug|Any CPU.Build.0 = Debug|Any CPU
		{AE9ACFB9-8209-49A3-9B3F-175FFE4BF636}.Release|Any CPU.ActiveCfg = Release|Any CPU
		{AE9ACFB9-8209-49A3-9B3F-175FFE4BF636}.Release|Any CPU.Build.0 = Release|Any CPU
		{88048B4D-A5C9-41AB-8FDC-9372573C549B}.Debug|Any CPU.ActiveCfg = Debug|Any CPU
		{88048B4D-A5C9-41AB-8FDC-9372573C549B}.Debug|Any CPU.Build.0 = Debug|Any CPU
		{88048B4D-A5C9-41AB-8FDC-9372573C549B}.Release|Any CPU.ActiveCfg = Release|Any CPU
		{88048B4D-A5C9-41AB-8FDC-9372573C549B}.Release|Any CPU.Build.0 = Release|Any CPU
	EndGlobalSection
	GlobalSection(SolutionProperties) = preSolution
		HideSolutionNode = FALSE
	EndGlobalSection
	GlobalSection(ExtensibilityGlobals) = postSolution
		SolutionGuid = {132F7651-F803-4C4E-991A-F6460E57BEFF}
	EndGlobalSection
EndGlobal
